
Microsoft Visual Studio Solution File, Format Version 12.00
# Visual Studio Version 16
VisualStudioVersion = 16.0.29009.5
MinimumVisualStudioVersion = 10.0.40219.1
Project("{FAE04EC0-301F-11D3-BF4B-00C04F79EFBC}") = "Timer", "Timer\Timer.csproj", "{080070B0-A1E5-40EF-A4AE-AA9F52519462}"
EndProject
Global
	GlobalSection(SolutionConfigurationPlatforms) = preSolution
		Debug|Any CPU = Debug|Any CPU
		Release|Any CPU = Release|Any CPU
	EndGlobalSection
	GlobalSection(ProjectConfigurationPlatforms) = postSolution
		{080070B0-A1E5-40EF-A4AE-AA9F52519462}.Debug|Any CPU.ActiveCfg = Debug|Any CPU
		{080070B0-A1E5-40EF-A4AE-AA9F52519462}.Debug|Any CPU.Build.0 = Debug|Any CPU
		{080070B0-A1E5-40EF-A4AE-AA9F52519462}.Release|Any CPU.ActiveCfg = Release|Any CPU
		{080070B0-A1E5-40EF-A4AE-AA9F52519462}.Release|Any CPU.Build.0 = Release|Any CPU
	EndGlobalSection
	GlobalSection(SolutionProperties) = preSolution
		HideSolutionNode = FALSE
	EndGlobalSection
	GlobalSection(ExtensibilityGlobals) = postSolution
		SolutionGuid = {F8F91E4A-4361-4C9E-A2BA-98EDD15575B2}
	EndGlobalSection
EndGlobal
